// !$*UTF8*$!
{
	archiveVersion = 1;
	classes = {
	};
	objectVersion = 56;
	objects = {

/* Begin PBXBuildFile section */
		6F68FAD12943D321001FE40C /* HerbSnapApp.swift in Sources */ = {isa = PBXBuildFile; fileRef = 6F68FAD02943D321001FE40C /* HerbSnapApp.swift */; };
		6F68FAD32943D321001FE40C /* CaptureView.swift in Sources */ = {isa = PBXBuildFile; fileRef = 6F68FAD22943D321001FE40C /* CaptureView.swift */; };
		6F68FAD52943D322001FE40C /* Assets.xcassets in Resources */ = {isa = PBXBuildFile; fileRef = 6F68FAD42943D322001FE40C /* Assets.xcassets */; };
		6F68FAD82943D322001FE40C /* Preview Assets.xcassets in Resources */ = {isa = PBXBuildFile; fileRef = 6F68FAD72943D322001FE40C /* Preview Assets.xcassets */; };
		6F68FAE42948B3B5001FE40C /* CameraService.swift in Sources */ = {isa = PBXBuildFile; fileRef = 6F68FAE32948B3B5001FE40C /* CameraService.swift */; };
		6F68FAE62948B979001FE40C /* CameraView.swift in Sources */ = {isa = PBXBuildFile; fileRef = 6F68FAE52948B979001FE40C /* CameraView.swift */; };
		6FA6CEDC295B544C00F0A8B6 /* Flashlight.swift in Sources */ = {isa = PBXBuildFile; fileRef = 6FA6CEDB295B544C00F0A8B6 /* Flashlight.swift */; };
		6FA6CEDF295CDA9C00F0A8B6 /* ResultsView.swift in Sources */ = {isa = PBXBuildFile; fileRef = 6FA6CEDE295CDA9C00F0A8B6 /* ResultsView.swift */; };
		6FA6CEE4295DB2E700F0A8B6 /* UIImage+ResizeTo.swift in Sources */ = {isa = PBXBuildFile; fileRef = 6FA6CEE3295DB2E700F0A8B6 /* UIImage+ResizeTo.swift */; };
		6FA6CEE6295DB40900F0A8B6 /* UIImage+ToBuffer.swift in Sources */ = {isa = PBXBuildFile; fileRef = 6FA6CEE5295DB40900F0A8B6 /* UIImage+ToBuffer.swift */; };
		6FA6CEE8295DD05200F0A8B6 /* ImageClassifier.swift in Sources */ = {isa = PBXBuildFile; fileRef = 6FA6CEE7295DD05200F0A8B6 /* ImageClassifier.swift */; };
		6FA6CEEB295EE92B00F0A8B6 /* Localizable.strings in Resources */ = {isa = PBXBuildFile; fileRef = 6FA6CEED295EE92B00F0A8B6 /* Localizable.strings */; };
		6FA6CEF0295EEC8600F0A8B6 /* FancyToastView.swift in Sources */ = {isa = PBXBuildFile; fileRef = 6FA6CEEF295EEC8600F0A8B6 /* FancyToastView.swift */; };
		6FA6CEF2295EFF1B00F0A8B6 /* FancyToast.swift in Sources */ = {isa = PBXBuildFile; fileRef = 6FA6CEF1295EFF1B00F0A8B6 /* FancyToast.swift */; };
		6FA6CEF4295F050A00F0A8B6 /* View+ToastView.swift in Sources */ = {isa = PBXBuildFile; fileRef = 6FA6CEF3295F050A00F0A8B6 /* View+ToastView.swift */; };
		6FA6CEF6295F089300F0A8B6 /* InformationView.swift in Sources */ = {isa = PBXBuildFile; fileRef = 6FA6CEF5295F089300F0A8B6 /* InformationView.swift */; };
		6FA6CEF8295F782A00F0A8B6 /* SFSafariViewWrapper.swift in Sources */ = {isa = PBXBuildFile; fileRef = 6FA6CEF7295F782A00F0A8B6 /* SFSafariViewWrapper.swift */; };
		6FA6CEFA295F8EF200F0A8B6 /* BinomialNamesDictionary.swift in Sources */ = {isa = PBXBuildFile; fileRef = 6FA6CEF9295F8EF200F0A8B6 /* BinomialNamesDictionary.swift */; };
		6FA6CEFC2960754700F0A8B6 /* HerbsClassifier_7_2022_12_30.mlmodel in Sources */ = {isa = PBXBuildFile; fileRef = 6FA6CEFB2960754700F0A8B6 /* HerbsClassifier_7_2022_12_30.mlmodel */; };
		6FA6CEFE2960787200F0A8B6 /* String+localized.swift in Sources */ = {isa = PBXBuildFile; fileRef = 6FA6CEFD2960787200F0A8B6 /* String+localized.swift */; };
		6FF23DEF29BBCAAE007365CB /* HerbsClassifier_CreateML.mlmodel in Sources */ = {isa = PBXBuildFile; fileRef = 6FF23DEE29BBCAAE007365CB /* HerbsClassifier_CreateML.mlmodel */; };
/* End PBXBuildFile section */

/* Begin PBXFileReference section */
		6F68FACD2943D321001FE40C /* HerbSnap.app */ = {isa = PBXFileReference; explicitFileType = wrapper.application; includeInIndex = 0; path = HerbSnap.app; sourceTree = BUILT_PRODUCTS_DIR; };
		6F68FAD02943D321001FE40C /* HerbSnapApp.swift */ = {isa = PBXFileReference; lastKnownFileType = sourcecode.swift; path = HerbSnapApp.swift; sourceTree = "<group>"; };
		6F68FAD22943D321001FE40C /* CaptureView.swift */ = {isa = PBXFileReference; lastKnownFileType = sourcecode.swift; path = CaptureView.swift; sourceTree = "<group>"; };
		6F68FAD42943D322001FE40C /* Assets.xcassets */ = {isa = PBXFileReference; lastKnownFileType = folder.assetcatalog; path = Assets.xcassets; sourceTree = "<group>"; };
		6F68FAD72943D322001FE40C /* Preview Assets.xcassets */ = {isa = PBXFileReference; lastKnownFileType = folder.assetcatalog; path = "Preview Assets.xcassets"; sourceTree = "<group>"; };
		6F68FAE32948B3B5001FE40C /* CameraService.swift */ = {isa = PBXFileReference; lastKnownFileType = sourcecode.swift; path = CameraService.swift; sourceTree = "<group>"; };
		6F68FAE52948B979001FE40C /* CameraView.swift */ = {isa = PBXFileReference; lastKnownFileType = sourcecode.swift; path = CameraView.swift; sourceTree = "<group>"; };
		6FA6CEDB295B544C00F0A8B6 /* Flashlight.swift */ = {isa = PBXFileReference; lastKnownFileType = sourcecode.swift; path = Flashlight.swift; sourceTree = "<group>"; };
		6FA6CEDE295CDA9C00F0A8B6 /* ResultsView.swift */ = {isa = PBXFileReference; lastKnownFileType = sourcecode.swift; path = ResultsView.swift; sourceTree = "<group>"; };
		6FA6CEE3295DB2E700F0A8B6 /* UIImage+ResizeTo.swift */ = {isa = PBXFileReference; lastKnownFileType = sourcecode.swift; path = "UIImage+ResizeTo.swift"; sourceTree = "<group>"; };
		6FA6CEE5295DB40900F0A8B6 /* UIImage+ToBuffer.swift */ = {isa = PBXFileReference; lastKnownFileType = sourcecode.swift; path = "UIImage+ToBuffer.swift"; sourceTree = "<group>"; };
		6FA6CEE7295DD05200F0A8B6 /* ImageClassifier.swift */ = {isa = PBXFileReference; lastKnownFileType = sourcecode.swift; path = ImageClassifier.swift; sourceTree = "<group>"; };
		6FA6CEEC295EE92B00F0A8B6 /* de */ = {isa = PBXFileReference; lastKnownFileType = text.plist.strings; name = de; path = de.lproj/Localizable.strings; sourceTree = "<group>"; };
		6FA6CEEE295EE93200F0A8B6 /* en */ = {isa = PBXFileReference; lastKnownFileType = text.plist.strings; name = en; path = en.lproj/Localizable.strings; sourceTree = "<group>"; };
		6FA6CEEF295EEC8600F0A8B6 /* FancyToastView.swift */ = {isa = PBXFileReference; lastKnownFileType = sourcecode.swift; path = FancyToastView.swift; sourceTree = "<group>"; };
		6FA6CEF1295EFF1B00F0A8B6 /* FancyToast.swift */ = {isa = PBXFileReference; lastKnownFileType = sourcecode.swift; path = FancyToast.swift; sourceTree = "<group>"; };
		6FA6CEF3295F050A00F0A8B6 /* View+ToastView.swift */ = {isa = PBXFileReference; lastKnownFileType = sourcecode.swift; path = "View+ToastView.swift"; sourceTree = "<group>"; };
		6FA6CEF5295F089300F0A8B6 /* InformationView.swift */ = {isa = PBXFileReference; lastKnownFileType = sourcecode.swift; path = InformationView.swift; sourceTree = "<group>"; };
		6FA6CEF7295F782A00F0A8B6 /* SFSafariViewWrapper.swift */ = {isa = PBXFileReference; lastKnownFileType = sourcecode.swift; path = SFSafariViewWrapper.swift; sourceTree = "<group>"; };
		6FA6CEF9295F8EF200F0A8B6 /* BinomialNamesDictionary.swift */ = {isa = PBXFileReference; lastKnownFileType = sourcecode.swift; path = BinomialNamesDictionary.swift; sourceTree = "<group>"; };
		6FA6CEFB2960754700F0A8B6 /* HerbsClassifier_7_2022_12_30.mlmodel */ = {isa = PBXFileReference; lastKnownFileType = file.mlmodel; path = HerbsClassifier_7_2022_12_30.mlmodel; sourceTree = "<group>"; };
		6FA6CEFD2960787200F0A8B6 /* String+localized.swift */ = {isa = PBXFileReference; lastKnownFileType = sourcecode.swift; path = "String+localized.swift"; sourceTree = "<group>"; };
		6FF23DEE29BBCAAE007365CB /* HerbsClassifier_CreateML.mlmodel */ = {isa = PBXFileReference; lastKnownFileType = file.mlmodel; path = HerbsClassifier_CreateML.mlmodel; sourceTree = "<group>"; };
/* End PBXFileReference section */

/* Begin PBXFrameworksBuildPhase section */
		6F68FACA2943D321001FE40C /* Frameworks */ = {
			isa = PBXFrameworksBuildPhase;
			buildActionMask = 2147483647;
			files = (
			);
			runOnlyForDeploymentPostprocessing = 0;
		};
/* End PBXFrameworksBuildPhase section */

/* Begin PBXGroup section */
		6F68FAC42943D321001FE40C = {
			isa = PBXGroup;
			children = (
				6FA6CEED295EE92B00F0A8B6 /* Localizable.strings */,
				6F68FACF2943D321001FE40C /* HerbSnap */,
				6F68FACE2943D321001FE40C /* Products */,
			);
			sourceTree = "<group>";
		};
		6F68FACE2943D321001FE40C /* Products */ = {
			isa = PBXGroup;
			children = (
				6F68FACD2943D321001FE40C /* HerbSnap.app */,
			);
			name = Products;
			sourceTree = "<group>";
		};
		6F68FACF2943D321001FE40C /* HerbSnap */ = {
			isa = PBXGroup;
			children = (
				6FA6CEE2295DB25A00F0A8B6 /* Extensions */,
				6FA6CEDA295B542500F0A8B6 /* Tools */,
				6F68FAE22948B387001FE40C /* Services */,
				6F68FAE12948AF6D001FE40C /* Models */,
				6F68FAE02948AF67001FE40C /* Views */,
				6F68FAD02943D321001FE40C /* HerbSnapApp.swift */,
				6F68FAD42943D322001FE40C /* Assets.xcassets */,
				6F68FAD62943D322001FE40C /* Preview Content */,
			);
			path = HerbSnap;
			sourceTree = "<group>";
		};
		6F68FAD62943D322001FE40C /* Preview Content */ = {
			isa = PBXGroup;
			children = (
				6F68FAD72943D322001FE40C /* Preview Assets.xcassets */,
			);
			path = "Preview Content";
			sourceTree = "<group>";
		};
		6F68FAE02948AF67001FE40C /* Views */ = {
			isa = PBXGroup;
			children = (
				6F68FAE52948B979001FE40C /* CameraView.swift */,
				6F68FAD22943D321001FE40C /* CaptureView.swift */,
				6FA6CEDE295CDA9C00F0A8B6 /* ResultsView.swift */,
				6FA6CEEF295EEC8600F0A8B6 /* FancyToastView.swift */,
				6FA6CEF5295F089300F0A8B6 /* InformationView.swift */,
			);
			path = Views;
			sourceTree = "<group>";
		};
		6F68FAE12948AF6D001FE40C /* Models */ = {
			isa = PBXGroup;
			children = (
				6FF23DEE29BBCAAE007365CB /* HerbsClassifier_CreateML.mlmodel */,
				6FA6CEFB2960754700F0A8B6 /* HerbsClassifier_7_2022_12_30.mlmodel */,
			);
			path = Models;
			sourceTree = "<group>";
		};
		6F68FAE22948B387001FE40C /* Services */ = {
			isa = PBXGroup;
			children = (
				6F68FAE32948B3B5001FE40C /* CameraService.swift */,
			);
			path = Services;
			sourceTree = "<group>";
		};
		6FA6CEDA295B542500F0A8B6 /* Tools */ = {
			isa = PBXGroup;
			children = (
				6FA6CEDB295B544C00F0A8B6 /* Flashlight.swift */,
				6FA6CEE7295DD05200F0A8B6 /* ImageClassifier.swift */,
				6FA6CEF1295EFF1B00F0A8B6 /* FancyToast.swift */,
				6FA6CEF7295F782A00F0A8B6 /* SFSafariViewWrapper.swift */,
				6FA6CEF9295F8EF200F0A8B6 /* BinomialNamesDictionary.swift */,
			);
			path = Tools;
			sourceTree = "<group>";
		};
		6FA6CEE2295DB25A00F0A8B6 /* Extensions */ = {
			isa = PBXGroup;
			children = (
				6FA6CEE3295DB2E700F0A8B6 /* UIImage+ResizeTo.swift */,
				6FA6CEE5295DB40900F0A8B6 /* UIImage+ToBuffer.swift */,
				6FA6CEF3295F050A00F0A8B6 /* View+ToastView.swift */,
				6FA6CEFD2960787200F0A8B6 /* String+localized.swift */,
			);
			path = Extensions;
			sourceTree = "<group>";
		};
/* End PBXGroup section */

/* Begin PBXNativeTarget section */
		6F68FACC2943D321001FE40C /* HerbSnap */ = {
			isa = PBXNativeTarget;
			buildConfigurationList = 6F68FADB2943D322001FE40C /* Build configuration list for PBXNativeTarget "HerbSnap" */;
			buildPhases = (
				6F68FAC92943D321001FE40C /* Sources */,
				6F68FACA2943D321001FE40C /* Frameworks */,
				6F68FACB2943D321001FE40C /* Resources */,
			);
			buildRules = (
			);
			dependencies = (
			);
			name = HerbSnap;
			productName = HerbSnap;
			productReference = 6F68FACD2943D321001FE40C /* HerbSnap.app */;
			productType = "com.apple.product-type.application";
		};
/* End PBXNativeTarget section */

/* Begin PBXProject section */
		6F68FAC52943D321001FE40C /* Project object */ = {
			isa = PBXProject;
			attributes = {
				BuildIndependentTargetsInParallel = 1;
				LastSwiftUpdateCheck = 1400;
				LastUpgradeCheck = 1400;
				TargetAttributes = {
					6F68FACC2943D321001FE40C = {
						CreatedOnToolsVersion = 14.0.1;
					};
				};
			};
			buildConfigurationList = 6F68FAC82943D321001FE40C /* Build configuration list for PBXProject "HerbSnap" */;
			compatibilityVersion = "Xcode 14.0";
			developmentRegion = en;
			hasScannedForEncodings = 0;
			knownRegions = (
				en,
				Base,
				de,
			);
			mainGroup = 6F68FAC42943D321001FE40C;
			productRefGroup = 6F68FACE2943D321001FE40C /* Products */;
			projectDirPath = "";
			projectRoot = "";
			targets = (
				6F68FACC2943D321001FE40C /* HerbSnap */,
			);
		};
/* End PBXProject section */

/* Begin PBXResourcesBuildPhase section */
		6F68FACB2943D321001FE40C /* Resources */ = {
			isa = PBXResourcesBuildPhase;
			buildActionMask = 2147483647;
			files = (
				6F68FAD82943D322001FE40C /* Preview Assets.xcassets in Resources */,
				6FA6CEEB295EE92B00F0A8B6 /* Localizable.strings in Resources */,
				6F68FAD52943D322001FE40C /* Assets.xcassets in Resources */,
			);
			runOnlyForDeploymentPostprocessing = 0;
		};
/* End PBXResourcesBuildPhase section */

/* Begin PBXSourcesBuildPhase section */
		6F68FAC92943D321001FE40C /* Sources */ = {
			isa = PBXSourcesBuildPhase;
			buildActionMask = 2147483647;
			files = (
				6FA6CEF0295EEC8600F0A8B6 /* FancyToastView.swift in Sources */,
				6F68FAD32943D321001FE40C /* CaptureView.swift in Sources */,
				6FA6CEFC2960754700F0A8B6 /* HerbsClassifier_7_2022_12_30.mlmodel in Sources */,
				6FA6CEF4295F050A00F0A8B6 /* View+ToastView.swift in Sources */,
				6FA6CEDF295CDA9C00F0A8B6 /* ResultsView.swift in Sources */,
				6FA6CEE8295DD05200F0A8B6 /* ImageClassifier.swift in Sources */,
				6FA6CEE4295DB2E700F0A8B6 /* UIImage+ResizeTo.swift in Sources */,
				6F68FAD12943D321001FE40C /* HerbSnapApp.swift in Sources */,
				6FA6CEF6295F089300F0A8B6 /* InformationView.swift in Sources */,
				6FA6CEE6295DB40900F0A8B6 /* UIImage+ToBuffer.swift in Sources */,
				6FA6CEF2295EFF1B00F0A8B6 /* FancyToast.swift in Sources */,
				6FA6CEDC295B544C00F0A8B6 /* Flashlight.swift in Sources */,
				6F68FAE42948B3B5001FE40C /* CameraService.swift in Sources */,
				6FF23DEF29BBCAAE007365CB /* HerbsClassifier_CreateML.mlmodel in Sources */,
				6FA6CEFA295F8EF200F0A8B6 /* BinomialNamesDictionary.swift in Sources */,
				6FA6CEF8295F782A00F0A8B6 /* SFSafariViewWrapper.swift in Sources */,
				6FA6CEFE2960787200F0A8B6 /* String+localized.swift in Sources */,
				6F68FAE62948B979001FE40C /* CameraView.swift in Sources */,
			);
			runOnlyForDeploymentPostprocessing = 0;
		};
/* End PBXSourcesBuildPhase section */

/* Begin PBXVariantGroup section */
		6FA6CEED295EE92B00F0A8B6 /* Localizable.strings */ = {
			isa = PBXVariantGroup;
			children = (
				6FA6CEEC295EE92B00F0A8B6 /* de */,
				6FA6CEEE295EE93200F0A8B6 /* en */,
			);
			name = Localizable.strings;
			sourceTree = "<group>";
		};
/* End PBXVariantGroup section */

/* Begin XCBuildConfiguration section */
		6F68FAD92943D322001FE40C /* Debug */ = {
			isa = XCBuildConfiguration;
			buildSettings = {
				ALWAYS_SEARCH_USER_PATHS = NO;
				CLANG_ANALYZER_NONNULL = YES;
				CLANG_ANALYZER_NUMBER_OBJECT_CONVERSION = YES_AGGRESSIVE;
				CLANG_CXX_LANGUAGE_STANDARD = "gnu++20";
				CLANG_ENABLE_MODULES = YES;
				CLANG_ENABLE_OBJC_ARC = YES;
				CLANG_ENABLE_OBJC_WEAK = YES;
				CLANG_WARN_BLOCK_CAPTURE_AUTORELEASING = YES;
				CLANG_WARN_BOOL_CONVERSION = YES;
				CLANG_WARN_COMMA = YES;
				CLANG_WARN_CONSTANT_CONVERSION = YES;
				CLANG_WARN_DEPRECATED_OBJC_IMPLEMENTATIONS = YES;
				CLANG_WARN_DIRECT_OBJC_ISA_USAGE = YES_ERROR;
				CLANG_WARN_DOCUMENTATION_COMMENTS = YES;
				CLANG_WARN_EMPTY_BODY = YES;
				CLANG_WARN_ENUM_CONVERSION = YES;
				CLANG_WARN_INFINITE_RECURSION = YES;
				CLANG_WARN_INT_CONVERSION = YES;
				CLANG_WARN_NON_LITERAL_NULL_CONVERSION = YES;
				CLANG_WARN_OBJC_IMPLICIT_RETAIN_SELF = YES;
				CLANG_WARN_OBJC_LITERAL_CONVERSION = YES;
				CLANG_WARN_OBJC_ROOT_CLASS = YES_ERROR;
				CLANG_WARN_QUOTED_INCLUDE_IN_FRAMEWORK_HEADER = YES;
				CLANG_WARN_RANGE_LOOP_ANALYSIS = YES;
				CLANG_WARN_STRICT_PROTOTYPES = YES;
				CLANG_WARN_SUSPICIOUS_MOVE = YES;
				CLANG_WARN_UNGUARDED_AVAILABILITY = YES_AGGRESSIVE;
				CLANG_WARN_UNREACHABLE_CODE = YES;
				CLANG_WARN__DUPLICATE_METHOD_MATCH = YES;
				COPY_PHASE_STRIP = NO;
				DEBUG_INFORMATION_FORMAT = dwarf;
				ENABLE_STRICT_OBJC_MSGSEND = YES;
				ENABLE_TESTABILITY = YES;
				GCC_C_LANGUAGE_STANDARD = gnu11;
				GCC_DYNAMIC_NO_PIC = NO;
				GCC_NO_COMMON_BLOCKS = YES;
				GCC_OPTIMIZATION_LEVEL = 0;
				GCC_PREPROCESSOR_DEFINITIONS = (
					"DEBUG=1",
					"$(inherited)",
				);
				GCC_WARN_64_TO_32_BIT_CONVERSION = YES;
				GCC_WARN_ABOUT_RETURN_TYPE = YES_ERROR;
				GCC_WARN_UNDECLARED_SELECTOR = YES;
				GCC_WARN_UNINITIALIZED_AUTOS = YES_AGGRESSIVE;
				GCC_WARN_UNUSED_FUNCTION = YES;
				GCC_WARN_UNUSED_VARIABLE = YES;
				IPHONEOS_DEPLOYMENT_TARGET = 16.0;
				MTL_ENABLE_DEBUG_INFO = INCLUDE_SOURCE;
				MTL_FAST_MATH = YES;
				ONLY_ACTIVE_ARCH = YES;
				SDKROOT = iphoneos;
				SWIFT_ACTIVE_COMPILATION_CONDITIONS = DEBUG;
				SWIFT_OPTIMIZATION_LEVEL = "-Onone";
			};
			name = Debug;
		};
		6F68FADA2943D322001FE40C /* Release */ = {
			isa = XCBuildConfiguration;
			buildSettings = {
				ALWAYS_SEARCH_USER_PATHS = NO;
				CLANG_ANALYZER_NONNULL = YES;
				CLANG_ANALYZER_NUMBER_OBJECT_CONVERSION = YES_AGGRESSIVE;
				CLANG_CXX_LANGUAGE_STANDARD = "gnu++20";
				CLANG_ENABLE_MODULES = YES;
				CLANG_ENABLE_OBJC_ARC = YES;
				CLANG_ENABLE_OBJC_WEAK = YES;
				CLANG_WARN_BLOCK_CAPTURE_AUTORELEASING = YES;
				CLANG_WARN_BOOL_CONVERSION = YES;
				CLANG_WARN_COMMA = YES;
				CLANG_WARN_CONSTANT_CONVERSION = YES;
				CLANG_WARN_DEPRECATED_OBJC_IMPLEMENTATIONS = YES;
				CLANG_WARN_DIRECT_OBJC_ISA_USAGE = YES_ERROR;
				CLANG_WARN_DOCUMENTATION_COMMENTS = YES;
				CLANG_WARN_EMPTY_BODY = YES;
				CLANG_WARN_ENUM_CONVERSION = YES;
				CLANG_WARN_INFINITE_RECURSION = YES;
				CLANG_WARN_INT_CONVERSION = YES;
				CLANG_WARN_NON_LITERAL_NULL_CONVERSION = YES;
				CLANG_WARN_OBJC_IMPLICIT_RETAIN_SELF = YES;
				CLANG_WARN_OBJC_LITERAL_CONVERSION = YES;
				CLANG_WARN_OBJC_ROOT_CLASS = YES_ERROR;
				CLANG_WARN_QUOTED_INCLUDE_IN_FRAMEWORK_HEADER = YES;
				CLANG_WARN_RANGE_LOOP_ANALYSIS = YES;
				CLANG_WARN_STRICT_PROTOTYPES = YES;
				CLANG_WARN_SUSPICIOUS_MOVE = YES;
				CLANG_WARN_UNGUARDED_AVAILABILITY = YES_AGGRESSIVE;
				CLANG_WARN_UNREACHABLE_CODE = YES;
				CLANG_WARN__DUPLICATE_METHOD_MATCH = YES;
				COPY_PHASE_STRIP = NO;
				DEBUG_INFORMATION_FORMAT = "dwarf-with-dsym";
				ENABLE_NS_ASSERTIONS = NO;
				ENABLE_STRICT_OBJC_MSGSEND = YES;
				GCC_C_LANGUAGE_STANDARD = gnu11;
				GCC_NO_COMMON_BLOCKS = YES;
				GCC_WARN_64_TO_32_BIT_CONVERSION = YES;
				GCC_WARN_ABOUT_RETURN_TYPE = YES_ERROR;
				GCC_WARN_UNDECLARED_SELECTOR = YES;
				GCC_WARN_UNINITIALIZED_AUTOS = YES_AGGRESSIVE;
				GCC_WARN_UNUSED_FUNCTION = YES;
				GCC_WARN_UNUSED_VARIABLE = YES;
				IPHONEOS_DEPLOYMENT_TARGET = 16.0;
				MTL_ENABLE_DEBUG_INFO = NO;
				MTL_FAST_MATH = YES;
				SDKROOT = iphoneos;
				SWIFT_COMPILATION_MODE = wholemodule;
				SWIFT_OPTIMIZATION_LEVEL = "-O";
				VALIDATE_PRODUCT = YES;
			};
			name = Release;
		};
		6F68FADC2943D322001FE40C /* Debug */ = {
			isa = XCBuildConfiguration;
			buildSettings = {
				ASSETCATALOG_COMPILER_APPICON_NAME = AppIcon;
				ASSETCATALOG_COMPILER_GLOBAL_ACCENT_COLOR_NAME = AccentColor;
				CODE_SIGN_STYLE = Automatic;
				CURRENT_PROJECT_VERSION = 1;
				DEVELOPMENT_ASSET_PATHS = "\"HerbSnap/Preview Content\"";
				DEVELOPMENT_TEAM = C23UW3NA42;
				ENABLE_PREVIEWS = YES;
				GENERATE_INFOPLIST_FILE = YES;
				INFOPLIST_KEY_NSCameraUsageDescription = "The camera is needed for the classification of herbs.";
				INFOPLIST_KEY_UIApplicationSceneManifest_Generation = YES;
				INFOPLIST_KEY_UIApplicationSupportsIndirectInputEvents = YES;
				INFOPLIST_KEY_UILaunchScreen_Generation = YES;
				INFOPLIST_KEY_UIRequiresFullScreen = YES;
				INFOPLIST_KEY_UIStatusBarStyle = "";
				INFOPLIST_KEY_UISupportedInterfaceOrientations = UIInterfaceOrientationPortrait;
				INFOPLIST_KEY_UISupportedInterfaceOrientations_iPad = "UIInterfaceOrientationPortrait UIInterfaceOrientationPortraitUpsideDown";
				LD_RUNPATH_SEARCH_PATHS = (
					"$(inherited)",
					"@executable_path/Frameworks",
				);
				MARKETING_VERSION = 1.0;
				PRODUCT_BUNDLE_IDENTIFIER = jodi.HerbSnap;
				PRODUCT_NAME = "$(TARGET_NAME)";
				SWIFT_EMIT_LOC_STRINGS = YES;
				SWIFT_VERSION = 5.0;
				TARGETED_DEVICE_FAMILY = "1,2";
			};
			name = Debug;
		};
		6F68FADD2943D322001FE40C /* Release */ = {
			isa = XCBuildConfiguration;
			buildSettings = {
				ASSETCATALOG_COMPILER_APPICON_NAME = AppIcon;
				ASSETCATALOG_COMPILER_GLOBAL_ACCENT_COLOR_NAME = AccentColor;
				CODE_SIGN_STYLE = Automatic;
				CURRENT_PROJECT_VERSION = 1;
				DEVELOPMENT_ASSET_PATHS = "\"HerbSnap/Preview Content\"";
				DEVELOPMENT_TEAM = C23UW3NA42;
				ENABLE_PREVIEWS = YES;
				GENERATE_INFOPLIST_FILE = YES;
				INFOPLIST_KEY_NSCameraUsageDescription = "The camera is needed for the classification of herbs.";
				INFOPLIST_KEY_UIApplicationSceneManifest_Generation = YES;
				INFOPLIST_KEY_UIApplicationSupportsIndirectInputEvents = YES;
				INFOPLIST_KEY_UILaunchScreen_Generation = YES;
				INFOPLIST_KEY_UIRequiresFullScreen = YES;
				INFOPLIST_KEY_UIStatusBarStyle = "";
				INFOPLIST_KEY_UISupportedInterfaceOrientations = UIInterfaceOrientationPortrait;
				INFOPLIST_KEY_UISupportedInterfaceOrientations_iPad = "UIInterfaceOrientationPortrait UIInterfaceOrientationPortraitUpsideDown";
				LD_RUNPATH_SEARCH_PATHS = (
					"$(inherited)",
					"@executable_path/Frameworks",
				);
				MARKETING_VERSION = 1.0;
				PRODUCT_BUNDLE_IDENTIFIER = jodi.HerbSnap;
				PRODUCT_NAME = "$(TARGET_NAME)";
				SWIFT_EMIT_LOC_STRINGS = YES;
				SWIFT_VERSION = 5.0;
				TARGETED_DEVICE_FAMILY = "1,2";
			};
			name = Release;
		};
/* End XCBuildConfiguration section */

/* Begin XCConfigurationList section */
		6F68FAC82943D321001FE40C /* Build configuration list for PBXProject "HerbSnap" */ = {
			isa = XCConfigurationList;
			buildConfigurations = (
				6F68FAD92943D322001FE40C /* Debug */,
				6F68FADA2943D322001FE40C /* Release */,
			);
			defaultConfigurationIsVisible = 0;
			defaultConfigurationName = Release;
		};
		6F68FADB2943D322001FE40C /* Build configuration list for PBXNativeTarget "HerbSnap" */ = {
			isa = XCConfigurationList;
			buildConfigurations = (
				6F68FADC2943D322001FE40C /* Debug */,
				6F68FADD2943D322001FE40C /* Release */,
			);
			defaultConfigurationIsVisible = 0;
			defaultConfigurationName = Release;
		};
/* End XCConfigurationList section */
	};
	rootObject = 6F68FAC52943D321001FE40C /* Project object */;
}
